
Microsoft Visual Studio Solution File, Format Version 12.00
# Visual Studio Version 16
VisualStudioVersion = 16.0.31025.194
MinimumVisualStudioVersion = 10.0.40219.1
Project("{9A19103F-16F7-4668-BE54-9A1E7A4F7556}") = "MoviePageSolution.Data", "MoviePageSolution.Data\MoviePageSolution.Data.csproj", "{A6592F23-3128-426B-9862-B3B624870916}"
EndProject
Project("{9A19103F-16F7-4668-BE54-9A1E7A4F7556}") = "MoviePageSolution.API", "MoviePageSolution.API\MoviePageSolution.API.csproj", "{BAAC6D04-B513-40EE-A709-D8F5F3962CBD}"
EndProject
Project("{9A19103F-16F7-4668-BE54-9A1E7A4F7556}") = "MovieClient", "MovieClient\MovieClient.csproj", "{EEC7C989-A889-4081-A7F9-45F9D0D5652C}"
EndProject
Project("{9A19103F-16F7-4668-BE54-9A1E7A4F7556}") = "MovieClientGoogle", "MovieClientGoogle\MovieClientGoogle.csproj", "{E40D10C2-3A44-4D1C-9B98-EB9C8AE26813}"
EndProject
Global
	GlobalSection(SolutionConfigurationPlatforms) = preSolution
		Debug|Any CPU = Debug|Any CPU
		Release|Any CPU = Release|Any CPU
	EndGlobalSection
	GlobalSection(ProjectConfigurationPlatforms) = postSolution
		{A6592F23-3128-426B-9862-B3B624870916}.Debug|Any CPU.ActiveCfg = Debug|Any CPU
		{A6592F23-3128-426B-9862-B3B624870916}.Debug|Any CPU.Build.0 = Debug|Any CPU
		{A6592F23-3128-426B-9862-B3B624870916}.Release|Any CPU.ActiveCfg = Release|Any CPU
		{A6592F23-3128-426B-9862-B3B624870916}.Release|Any CPU.Build.0 = Release|Any CPU
		{BAAC6D04-B513-40EE-A709-D8F5F3962CBD}.Debug|Any CPU.ActiveCfg = Debug|Any CPU
		{BAAC6D04-B513-40EE-A709-D8F5F3962CBD}.Debug|Any CPU.Build.0 = Debug|Any CPU
		{BAAC6D04-B513-40EE-A709-D8F5F3962CBD}.Release|Any CPU.ActiveCfg = Release|Any CPU
		{BAAC6D04-B513-40EE-A709-D8F5F3962CBD}.Release|Any CPU.Build.0 = Release|Any CPU
		{EEC7C989-A889-4081-A7F9-45F9D0D5652C}.Debug|Any CPU.ActiveCfg = Debug|Any CPU
		{EEC7C989-A889-4081-A7F9-45F9D0D5652C}.Debug|Any CPU.Build.0 = Debug|Any CPU
		{EEC7C989-A889-4081-A7F9-45F9D0D5652C}.Release|Any CPU.ActiveCfg = Release|Any CPU
		{EEC7C989-A889-4081-A7F9-45F9D0D5652C}.Release|Any CPU.Build.0 = Release|Any CPU
		{E40D10C2-3A44-4D1C-9B98-EB9C8AE26813}.Debug|Any CPU.ActiveCfg = Debug|Any CPU
		{E40D10C2-3A44-4D1C-9B98-EB9C8AE26813}.Debug|Any CPU.Build.0 = Debug|Any CPU
		{E40D10C2-3A44-4D1C-9B98-EB9C8AE26813}.Release|Any CPU.ActiveCfg = Release|Any CPU
		{E40D10C2-3A44-4D1C-9B98-EB9C8AE26813}.Release|Any CPU.Build.0 = Release|Any CPU
	EndGlobalSection
	GlobalSection(SolutionProperties) = preSolution
		HideSolutionNode = FALSE
	EndGlobalSection
	GlobalSection(ExtensibilityGlobals) = postSolution
		SolutionGuid = {7237A3C3-BA9B-4CFA-9BAC-C73A795E8F05}
	EndGlobalSection
EndGlobal
